// !$*UTF8*$!
{
	archiveVersion = 1;
	classes = {
	};
	objectVersion = 46;
	objects = {

/* Begin PBXBuildFile section */
		290323BB1BD957EA0086F198 /* main.m in Sources */ = {isa = PBXBuildFile; fileRef = 290323BA1BD957EA0086F198 /* main.m */; };
		290323BE1BD957EA0086F198 /* AppDelegate.m in Sources */ = {isa = PBXBuildFile; fileRef = 290323BD1BD957EA0086F198 /* AppDelegate.m */; };
		290323C11BD957EA0086F198 /* ViewController.m in Sources */ = {isa = PBXBuildFile; fileRef = 290323C01BD957EA0086F198 /* ViewController.m */; };
		290323C41BD957EA0086F198 /* Main.storyboard in Resources */ = {isa = PBXBuildFile; fileRef = 290323C21BD957EA0086F198 /* Main.storyboard */; };
		290323C61BD957EA0086F198 /* Assets.xcassets in Resources */ = {isa = PBXBuildFile; fileRef = 290323C51BD957EA0086F198 /* Assets.xcassets */; };
		290323C91BD957EA0086F198 /* LaunchScreen.storyboard in Resources */ = {isa = PBXBuildFile; fileRef = 290323C71BD957EA0086F198 /* LaunchScreen.storyboard */; };
		290323D21BD958020086F198 /* KGResizebleButton.m in Sources */ = {isa = PBXBuildFile; fileRef = 290323D11BD958020086F198 /* KGResizebleButton.m */; settings = {ASSET_TAGS = (); }; };
/* End PBXBuildFile section */

/* Begin PBXFileReference section */
		290323B61BD957EA0086F198 /* MyButtonTest.app */ = {isa = PBXFileReference; explicitFileType = wrapper.application; includeInIndex = 0; path = MyButtonTest.app; sourceTree = BUILT_PRODUCTS_DIR; };
		290323BA1BD957EA0086F198 /* main.m */ = {isa = PBXFileReference; lastKnownFileType = sourcecode.c.objc; path = main.m; sourceTree = "<group>"; };
		290323BC1BD957EA0086F198 /* AppDelegate.h */ = {isa = PBXFileReference; lastKnownFileType = sourcecode.c.h; path = AppDelegate.h; sourceTree = "<group>"; };
		290323BD1BD957EA0086F198 /* AppDelegate.m */ = {isa = PBXFileReference; lastKnownFileType = sourcecode.c.objc; path = AppDelegate.m; sourceTree = "<group>"; };
		290323BF1BD957EA0086F198 /* ViewController.h */ = {isa = PBXFileReference; lastKnownFileType = sourcecode.c.h; path = ViewController.h; sourceTree = "<group>"; };
		290323C01BD957EA0086F198 /* ViewController.m */ = {isa = PBXFileReference; lastKnownFileType = sourcecode.c.objc; path = ViewController.m; sourceTree = "<group>"; };
		290323C31BD957EA0086F198 /* Base */ = {isa = PBXFileReference; lastKnownFileType = file.storyboard; name = Base; path = Base.lproj/Main.storyboard; sourceTree = "<group>"; };
		290323C51BD957EA0086F198 /* Assets.xcassets */ = {isa = PBXFileReference; lastKnownFileType = folder.assetcatalog; path = Assets.xcassets; sourceTree = "<group>"; };
		290323C81BD957EA0086F198 /* Base */ = {isa = PBXFileReference; lastKnownFileType = file.storyboard; name = Base; path = Base.lproj/LaunchScreen.storyboard; sourceTree = "<group>"; };
		290323CA1BD957EA0086F198 /* Info.plist */ = {isa = PBXFileReference; lastKnownFileType = text.plist.xml; path = Info.plist; sourceTree = "<group>"; };
		290323D01BD958020086F198 /* KGResizebleButton.h */ = {isa = PBXFileReference; fileEncoding = 4; lastKnownFileType = sourcecode.c.h; path = KGResizebleButton.h; sourceTree = "<group>"; };
		290323D11BD958020086F198 /* KGResizebleButton.m */ = {isa = PBXFileReference; fileEncoding = 4; lastKnownFileType = sourcecode.c.objc; path = KGResizebleButton.m; sourceTree = "<group>"; };
/* End PBXFileReference section */

/* Begin PBXFrameworksBuildPhase section */
		290323B31BD957EA0086F198 /* Frameworks */ = {
			isa = PBXFrameworksBuildPhase;
			buildActionMask = 2147483647;
			files = (
			);
			runOnlyForDeploymentPostprocessing = 0;
		};
/* End PBXFrameworksBuildPhase section */

/* Begin PBXGroup section */
		290323AD1BD957EA0086F198 = {
			isa = PBXGroup;
			children = (
				290323B81BD957EA0086F198 /* MyButtonTest */,
				290323B71BD957EA0086F198 /* Products */,
			);
			sourceTree = "<group>";
		};
		290323B71BD957EA0086F198 /* Products */ = {
			isa = PBXGroup;
			children = (
				290323B61BD957EA0086F198 /* MyButtonTest.app */,
			);
			name = Products;
			sourceTree = "<group>";
		};
		290323B81BD957EA0086F198 /* MyButtonTest */ = {
			isa = PBXGroup;
			children = (
				290323BC1BD957EA0086F198 /* AppDelegate.h */,
				290323BD1BD957EA0086F198 /* AppDelegate.m */,
				290323BF1BD957EA0086F198 /* ViewController.h */,
				290323C01BD957EA0086F198 /* ViewController.m */,
				290323D01BD958020086F198 /* KGResizebleButton.h */,
				290323D11BD958020086F198 /* KGResizebleButton.m */,
				290323C21BD957EA0086F198 /* Main.storyboard */,
				290323C51BD957EA0086F198 /* Assets.xcassets */,
				290323C71BD957EA0086F198 /* LaunchScreen.storyboard */,
				290323CA1BD957EA0086F198 /* Info.plist */,
				290323B91BD957EA0086F198 /* Supporting Files */,
			);
			path = MyButtonTest;
			sourceTree = "<group>";
		};
		290323B91BD957EA0086F198 /* Supporting Files */ = {
			isa = PBXGroup;
			children = (
				290323BA1BD957EA0086F198 /* main.m */,
			);
			name = "Supporting Files";
			sourceTree = "<group>";
		};
/* End PBXGroup section */

/* Begin PBXNativeTarget section */
		290323B51BD957EA0086F198 /* MyButtonTest */ = {
			isa = PBXNativeTarget;
			buildConfigurationList = 290323CD1BD957EA0086F198 /* Build configuration list for PBXNativeTarget "MyButtonTest" */;
			buildPhases = (
				290323B21BD957EA0086F198 /* Sources */,
				290323B31BD957EA0086F198 /* Frameworks */,
				290323B41BD957EA0086F198 /* Resources */,
			);
			buildRules = (
			);
			dependencies = (
			);
			name = MyButtonTest;
			productName = MyButtonTest;
			productReference = 290323B61BD957EA0086F198 /* MyButtonTest.app */;
			productType = "com.apple.product-type.application";
		};
/* End PBXNativeTarget section */

/* Begin PBXProject section */
		290323AE1BD957EA0086F198 /* Project object */ = {
			isa = PBXProject;
			attributes = {
				LastUpgradeCheck = 0700;
				ORGANIZATIONNAME = "Igor Vedeneev";
				TargetAttributes = {
					290323B51BD957EA0086F198 = {
						CreatedOnToolsVersion = 7.0;
						DevelopmentTeam = UPSRUYXAMU;
					};
				};
			};
			buildConfigurationList = 290323B11BD957EA0086F198 /* Build configuration list for PBXProject "MyButtonTest" */;
			compatibilityVersion = "Xcode 3.2";
			developmentRegion = English;
			hasScannedForEncodings = 0;
			knownRegions = (
				en,
				Base,
			);
			mainGroup = 290323AD1BD957EA0086F198;
			productRefGroup = 290323B71BD957EA0086F198 /* Products */;
			projectDirPath = "";
			projectRoot = "";
			targets = (
				290323B51BD957EA0086F198 /* MyButtonTest */,
			);
		};
/* End PBXProject section */

/* Begin PBXResourcesBuildPhase section */
		290323B41BD957EA0086F198 /* Resources */ = {
			isa = PBXResourcesBuildPhase;
			buildActionMask = 2147483647;
			files = (
				290323C91BD957EA0086F198 /* LaunchScreen.storyboard in Resources */,
				290323C61BD957EA0086F198 /* Assets.xcassets in Resources */,
				290323C41BD957EA0086F198 /* Main.storyboard in Resources */,
			);
			runOnlyForDeploymentPostprocessing = 0;
		};
/* End PBXResourcesBuildPhase section */

/* Begin PBXSourcesBuildPhase section */
		290323B21BD957EA0086F198 /* Sources */ = {
			isa = PBXSourcesBuildPhase;
			buildActionMask = 2147483647;
			files = (
				290323C11BD957EA0086F198 /* ViewController.m in Sources */,
				290323D21BD958020086F198 /* KGResizebleButton.m in Sources */,
				290323BE1BD957EA0086F198 /* AppDelegate.m in Sources */,
				290323BB1BD957EA0086F198 /* main.m in Sources */,
			);
			runOnlyForDeploymentPostprocessing = 0;
		};
/* End PBXSourcesBuildPhase section */

/* Begin PBXVariantGroup section */
		290323C21BD957EA0086F198 /* Main.storyboard */ = {
			isa = PBXVariantGroup;
			children = (
				290323C31BD957EA0086F198 /* Base */,
			);
			name = Main.storyboard;
			sourceTree = "<group>";
		};
		290323C71BD957EA0086F198 /* LaunchScreen.storyboard */ = {
			isa = PBXVariantGroup;
			children = (
				290323C81BD957EA0086F198 /* Base */,
			);
			name = LaunchScreen.storyboard;
			sourceTree = "<group>";
		};
/* End PBXVariantGroup section */

/* Begin XCBuildConfiguration section */
		290323CB1BD957EA0086F198 /* Debug */ = {
			isa = XCBuildConfiguration;
			buildSettings = {
				ALWAYS_SEARCH_USER_PATHS = NO;
				CLANG_CXX_LANGUAGE_STANDARD = "gnu++0x";
				CLANG_CXX_LIBRARY = "libc++";
				CLANG_ENABLE_MODULES = YES;
				CLANG_ENABLE_OBJC_ARC = YES;
				CLANG_WARN_BOOL_CONVERSION = YES;
				CLANG_WARN_CONSTANT_CONVERSION = YES;
				CLANG_WARN_DIRECT_OBJC_ISA_USAGE = YES_ERROR;
				CLANG_WARN_EMPTY_BODY = YES;
				CLANG_WARN_ENUM_CONVERSION = YES;
				CLANG_WARN_INT_CONVERSION = YES;
				CLANG_WARN_OBJC_ROOT_CLASS = YES_ERROR;
				CLANG_WARN_UNREACHABLE_CODE = YES;
				CLANG_WARN__DUPLICATE_METHOD_MATCH = YES;
				"CODE_SIGN_IDENTITY[sdk=iphoneos*]" = "iPhone Developer";
				COPY_PHASE_STRIP = NO;
				DEBUG_INFORMATION_FORMAT = dwarf;
				ENABLE_STRICT_OBJC_MSGSEND = YES;
				ENABLE_TESTABILITY = YES;
				GCC_C_LANGUAGE_STANDARD = gnu99;
				GCC_DYNAMIC_NO_PIC = NO;
				GCC_NO_COMMON_BLOCKS = YES;
				GCC_OPTIMIZATION_LEVEL = 0;
				GCC_PREPROCESSOR_DEFINITIONS = (
					"DEBUG=1",
					"$(inherited)",
				);
				GCC_WARN_64_TO_32_BIT_CONVERSION = YES;
				GCC_WARN_ABOUT_RETURN_TYPE = YES_ERROR;
				GCC_WARN_UNDECLARED_SELECTOR = YES;
				GCC_WARN_UNINITIALIZED_AUTOS = YES_AGGRESSIVE;
				GCC_WARN_UNUSED_FUNCTION = YES;
				GCC_WARN_UNUSED_VARIABLE = YES;
				IPHONEOS_DEPLOYMENT_TARGET = 9.0;
				MTL_ENABLE_DEBUG_INFO = YES;
				ONLY_ACTIVE_ARCH = YES;
				SDKROOT = iphoneos;
			};
			name = Debug;
		};
		290323CC1BD957EA0086F198 /* Release */ = {
			isa = XCBuildConfiguration;
			buildSettings = {
				ALWAYS_SEARCH_USER_PATHS = NO;
				CLANG_CXX_LANGUAGE_STANDARD = "gnu++0x";
				CLANG_CXX_LIBRARY = "libc++";
				CLANG_ENABLE_MODULES = YES;
				CLANG_ENABLE_OBJC_ARC = YES;
				CLANG_WARN_BOOL_CONVERSION = YES;
				CLANG_WARN_CONSTANT_CONVERSION = YES;
				CLANG_WARN_DIRECT_OBJC_ISA_USAGE = YES_ERROR;
				CLANG_WARN_EMPTY_BODY = YES;
				CLANG_WARN_ENUM_CONVERSION = YES;
				CLANG_WARN_INT_CONVERSION = YES;
				CLANG_WARN_OBJC_ROOT_CLASS = YES_ERROR;
				CLANG_WARN_UNREACHABLE_CODE = YES;
				CLANG_WARN__DUPLICATE_METHOD_MATCH = YES;
				"CODE_SIGN_IDENTITY[sdk=iphoneos*]" = "iPhone Developer";
				COPY_PHASE_STRIP = NO;
				DEBUG_INFORMATION_FORMAT = "dwarf-with-dsym";
				ENABLE_NS_ASSERTIONS = NO;
				ENABLE_STRICT_OBJC_MSGSEND = YES;
				GCC_C_LANGUAGE_STANDARD = gnu99;
				GCC_NO_COMMON_BLOCKS = YES;
				GCC_WARN_64_TO_32_BIT_CONVERSION = YES;
				GCC_WARN_ABOUT_RETURN_TYPE = YES_ERROR;
				GCC_WARN_UNDECLARED_SELECTOR = YES;
				GCC_WARN_UNINITIALIZED_AUTOS = YES_AGGRESSIVE;
				GCC_WARN_UNUSED_FUNCTION = YES;
				GCC_WARN_UNUSED_VARIABLE = YES;
				IPHONEOS_DEPLOYMENT_TARGET = 9.0;
				MTL_ENABLE_DEBUG_INFO = NO;
				SDKROOT = iphoneos;
				VALIDATE_PRODUCT = YES;
			};
			name = Release;
		};
		290323CE1BD957EA0086F198 /* Debug */ = {
			isa = XCBuildConfiguration;
			buildSettings = {
				ASSETCATALOG_COMPILER_APPICON_NAME = AppIcon;
				INFOPLIST_FILE = MyButtonTest/Info.plist;
				IPHONEOS_DEPLOYMENT_TARGET = 8.4;
				LD_RUNPATH_SEARCH_PATHS = "$(inherited) @executable_path/Frameworks";
				PRODUCT_BUNDLE_IDENTIFIER = iv.MyButtonTest;
				PRODUCT_NAME = "$(TARGET_NAME)";
			};
			name = Debug;
		};
		290323CF1BD957EA0086F198 /* Release */ = {
			isa = XCBuildConfiguration;
			buildSettings = {
				ASSETCATALOG_COMPILER_APPICON_NAME = AppIcon;
				INFOPLIST_FILE = MyButtonTest/Info.plist;
				IPHONEOS_DEPLOYMENT_TARGET = 8.4;
				LD_RUNPATH_SEARCH_PATHS = "$(inherited) @executable_path/Frameworks";
				PRODUCT_BUNDLE_IDENTIFIER = iv.MyButtonTest;
				PRODUCT_NAME = "$(TARGET_NAME)";
			};
			name = Release;
		};
/* End XCBuildConfiguration section */

/* Begin XCConfigurationList section */
		290323B11BD957EA0086F198 /* Build configuration list for PBXProject "MyButtonTest" */ = {
			isa = XCConfigurationList;
			buildConfigurations = (
				290323CB1BD957EA0086F198 /* Debug */,
				290323CC1BD957EA0086F198 /* Release */,
			);
			defaultConfigurationIsVisible = 0;
			defaultConfigurationName = Release;
		};
		290323CD1BD957EA0086F198 /* Build configuration list for PBXNativeTarget "MyButtonTest" */ = {
			isa = XCConfigurationList;
			buildConfigurations = (
				290323CE1BD957EA0086F198 /* Debug */,
				290323CF1BD957EA0086F198 /* Release */,
			);
			defaultConfigurationIsVisible = 0;
			defaultConfigurationName = Release;
		};
/* End XCConfigurationList section */
	};
	rootObject = 290323AE1BD957EA0086F198 /* Project object */;
}
